
Microsoft Visual Studio Solution File, Format Version 12.00
# Visual Studio Version 17
VisualStudioVersion = 17.0.32126.317
MinimumVisualStudioVersion = 10.0.40219.1
Project("{8BC9CEB8-8B4A-11D0-8D11-00A0C91BC942}") = "practice2022", "practice2022.vcxproj", "{3B1C9CE4-558D-446B-BB83-7723478E7497}"
EndProject
Global
	GlobalSection(SolutionConfigurationPlatforms) = preSolution
		Debug|x64 = Debug|x64
		Debug|x86 = Debug|x86
		Release|x64 = Release|x64
		Release|x86 = Release|x86
	EndGlobalSection
	GlobalSection(ProjectConfigurationPlatforms) = postSolution
		{3B1C9CE4-558D-446B-BB83-7723478E7497}.Debug|x64.ActiveCfg = Debug|x64
		{3B1C9CE4-558D-446B-BB83-7723478E7497}.Debug|x64.Build.0 = Debug|x64
		{3B1C9CE4-558D-446B-BB83-7723478E7497}.Debug|x86.ActiveCfg = Debug|Win32
		{3B1C9CE4-558D-446B-BB83-7723478E7497}.Debug|x86.Build.0 = Debug|Win32
		{3B1C9CE4-558D-446B-BB83-7723478E7497}.Release|x64.ActiveCfg = Release|x64
		{3B1C9CE4-558D-446B-BB83-7723478E7497}.Release|x64.Build.0 = Release|x64
		{3B1C9CE4-558D-446B-BB83-7723478E7497}.Release|x86.ActiveCfg = Release|Win32
		{3B1C9CE4-558D-446B-BB83-7723478E7497}.Release|x86.Build.0 = Release|Win32
	EndGlobalSection
	GlobalSection(SolutionProperties) = preSolution
		HideSolutionNode = FALSE
	EndGlobalSection
	GlobalSection(ExtensibilityGlobals) = postSolution
		SolutionGuid = {3D51275B-5CD6-4103-9890-CCBF8285763D}
	EndGlobalSection
EndGlobal
